
Microsoft Visual Studio Solution File, Format Version 12.00
# Visual Studio Version 16
VisualStudioVersion = 16.0.30804.86
MinimumVisualStudioVersion = 10.0.40219.1
Project("{FAE04EC0-301F-11D3-BF4B-00C04F79EFBC}") = "Towers Randomly Promoted", "Towers Randomly Promoted.csproj", "{167949CF-5409-4A3A-BC19-57FA02E5906A}"
EndProject
Global
	GlobalSection(SolutionConfigurationPlatforms) = preSolution
		Debug|Any CPU = Debug|Any CPU
		Release|Any CPU = Release|Any CPU
	EndGlobalSection
	GlobalSection(ProjectConfigurationPlatforms) = postSolution
		{167949CF-5409-4A3A-BC19-57FA02E5906A}.Debug|Any CPU.ActiveCfg = Debug|Any CPU
		{167949CF-5409-4A3A-BC19-57FA02E5906A}.Debug|Any CPU.Build.0 = Debug|Any CPU
		{167949CF-5409-4A3A-BC19-57FA02E5906A}.Release|Any CPU.ActiveCfg = Release|Any CPU
		{167949CF-5409-4A3A-BC19-57FA02E5906A}.Release|Any CPU.Build.0 = Release|Any CPU
	EndGlobalSection
	GlobalSection(SolutionProperties) = preSolution
		HideSolutionNode = FALSE
	EndGlobalSection
	GlobalSection(ExtensibilityGlobals) = postSolution
		SolutionGuid = {4005F95A-51B0-435D-B385-CA3717001FC1}
	EndGlobalSection
EndGlobal
