
Microsoft Visual Studio Solution File, Format Version 12.00
# Visual Studio Version 16
VisualStudioVersion = 16.0.30804.86
MinimumVisualStudioVersion = 10.0.40219.1
Project("{FAE04EC0-301F-11D3-BF4B-00C04F79EFBC}") = "Random Tower Speed and Range", "Random Tower Speed and Range.csproj", "{D62B40DC-779F-43E2-AE8A-649F2B5082CB}"
EndProject
Global
	GlobalSection(SolutionConfigurationPlatforms) = preSolution
		Debug|Any CPU = Debug|Any CPU
		Release|Any CPU = Release|Any CPU
	EndGlobalSection
	GlobalSection(ProjectConfigurationPlatforms) = postSolution
		{D62B40DC-779F-43E2-AE8A-649F2B5082CB}.Debug|Any CPU.ActiveCfg = Debug|Any CPU
		{D62B40DC-779F-43E2-AE8A-649F2B5082CB}.Debug|Any CPU.Build.0 = Debug|Any CPU
		{D62B40DC-779F-43E2-AE8A-649F2B5082CB}.Release|Any CPU.ActiveCfg = Release|Any CPU
		{D62B40DC-779F-43E2-AE8A-649F2B5082CB}.Release|Any CPU.Build.0 = Release|Any CPU
	EndGlobalSection
	GlobalSection(SolutionProperties) = preSolution
		HideSolutionNode = FALSE
	EndGlobalSection
	GlobalSection(ExtensibilityGlobals) = postSolution
		SolutionGuid = {31E83F3A-1A3C-4057-A23F-22681D793AD5}
	EndGlobalSection
EndGlobal
