
Microsoft Visual Studio Solution File, Format Version 12.00
# Visual Studio Version 16
VisualStudioVersion = 16.0.30104.148
MinimumVisualStudioVersion = 10.0.40219.1
Project("{FAE04EC0-301F-11D3-BF4B-00C04F79EFBC}") = "Baby Mode", "Baby Mode.csproj", "{DA84A236-6013-4EDD-8861-3DED38B98E06}"
EndProject
Global
	GlobalSection(SolutionConfigurationPlatforms) = preSolution
		Debug|Any CPU = Debug|Any CPU
		Release|Any CPU = Release|Any CPU
	EndGlobalSection
	GlobalSection(ProjectConfigurationPlatforms) = postSolution
		{DA84A236-6013-4EDD-8861-3DED38B98E06}.Debug|Any CPU.ActiveCfg = Debug|Any CPU
		{DA84A236-6013-4EDD-8861-3DED38B98E06}.Debug|Any CPU.Build.0 = Debug|Any CPU
		{DA84A236-6013-4EDD-8861-3DED38B98E06}.Release|Any CPU.ActiveCfg = Release|Any CPU
		{DA84A236-6013-4EDD-8861-3DED38B98E06}.Release|Any CPU.Build.0 = Release|Any CPU
	EndGlobalSection
	GlobalSection(SolutionProperties) = preSolution
		HideSolutionNode = FALSE
	EndGlobalSection
	GlobalSection(ExtensibilityGlobals) = postSolution
		SolutionGuid = {A7D760E4-820B-4E4D-AD3C-ACB53005E418}
	EndGlobalSection
EndGlobal
