
Microsoft Visual Studio Solution File, Format Version 12.00
# Visual Studio Version 16
VisualStudioVersion = 16.0.30804.86
MinimumVisualStudioVersion = 10.0.40219.1
Project("{FAE04EC0-301F-11D3-BF4B-00C04F79EFBC}") = "Baby Mode", "Baby Mode.csproj", "{EBC8607E-B6BA-4ED6-8848-C78964190641}"
EndProject
Global
	GlobalSection(SolutionConfigurationPlatforms) = preSolution
		Debug|Any CPU = Debug|Any CPU
		Release|Any CPU = Release|Any CPU
	EndGlobalSection
	GlobalSection(ProjectConfigurationPlatforms) = postSolution
		{EBC8607E-B6BA-4ED6-8848-C78964190641}.Debug|Any CPU.ActiveCfg = Debug|Any CPU
		{EBC8607E-B6BA-4ED6-8848-C78964190641}.Debug|Any CPU.Build.0 = Debug|Any CPU
		{EBC8607E-B6BA-4ED6-8848-C78964190641}.Release|Any CPU.ActiveCfg = Release|Any CPU
		{EBC8607E-B6BA-4ED6-8848-C78964190641}.Release|Any CPU.Build.0 = Release|Any CPU
	EndGlobalSection
	GlobalSection(SolutionProperties) = preSolution
		HideSolutionNode = FALSE
	EndGlobalSection
	GlobalSection(ExtensibilityGlobals) = postSolution
		SolutionGuid = {BA2D66B6-E6D0-4D21-949D-0AF1FCAB24F5}
	EndGlobalSection
EndGlobal
