
Microsoft Visual Studio Solution File, Format Version 12.00
# Visual Studio Version 16
VisualStudioVersion = 16.0.30104.148
MinimumVisualStudioVersion = 10.0.40219.1
Project("{FAE04EC0-301F-11D3-BF4B-00C04F79EFBC}") = "Harder Bloons", "Harder Bloons.csproj", "{1336559A-B690-4171-A6DF-F541D702F3BE}"
EndProject
Global
	GlobalSection(SolutionConfigurationPlatforms) = preSolution
		Debug|Any CPU = Debug|Any CPU
		Release|Any CPU = Release|Any CPU
	EndGlobalSection
	GlobalSection(ProjectConfigurationPlatforms) = postSolution
		{1336559A-B690-4171-A6DF-F541D702F3BE}.Debug|Any CPU.ActiveCfg = Debug|Any CPU
		{1336559A-B690-4171-A6DF-F541D702F3BE}.Debug|Any CPU.Build.0 = Debug|Any CPU
		{1336559A-B690-4171-A6DF-F541D702F3BE}.Release|Any CPU.ActiveCfg = Release|Any CPU
		{1336559A-B690-4171-A6DF-F541D702F3BE}.Release|Any CPU.Build.0 = Release|Any CPU
	EndGlobalSection
	GlobalSection(SolutionProperties) = preSolution
		HideSolutionNode = FALSE
	EndGlobalSection
	GlobalSection(ExtensibilityGlobals) = postSolution
		SolutionGuid = {0D66BF42-6072-4B48-BA06-1658BCDC780C}
	EndGlobalSection
EndGlobal
