
Microsoft Visual Studio Solution File, Format Version 12.00
# Visual Studio Version 16
VisualStudioVersion = 16.0.30104.148
MinimumVisualStudioVersion = 10.0.40219.1
Project("{FAE04EC0-301F-11D3-BF4B-00C04F79EFBC}") = "InfiniteHypersonicRange", "InfiniteHypersonicRange.csproj", "{095929EB-226C-46A6-AB60-C654E8B5033F}"
EndProject
Global
	GlobalSection(SolutionConfigurationPlatforms) = preSolution
		Debug|Any CPU = Debug|Any CPU
		Release|Any CPU = Release|Any CPU
	EndGlobalSection
	GlobalSection(ProjectConfigurationPlatforms) = postSolution
		{095929EB-226C-46A6-AB60-C654E8B5033F}.Debug|Any CPU.ActiveCfg = Debug|Any CPU
		{095929EB-226C-46A6-AB60-C654E8B5033F}.Debug|Any CPU.Build.0 = Debug|Any CPU
		{095929EB-226C-46A6-AB60-C654E8B5033F}.Release|Any CPU.ActiveCfg = Release|Any CPU
		{095929EB-226C-46A6-AB60-C654E8B5033F}.Release|Any CPU.Build.0 = Release|Any CPU
	EndGlobalSection
	GlobalSection(SolutionProperties) = preSolution
		HideSolutionNode = FALSE
	EndGlobalSection
	GlobalSection(ExtensibilityGlobals) = postSolution
		SolutionGuid = {D669E44A-57DA-4A39-8EAE-140DAACA2CF4}
	EndGlobalSection
EndGlobal
