
Microsoft Visual Studio Solution File, Format Version 12.00
# Visual Studio Version 16
VisualStudioVersion = 16.0.30804.86
MinimumVisualStudioVersion = 10.0.40219.1
Project("{FAE04EC0-301F-11D3-BF4B-00C04F79EFBC}") = "Change Cash From Bloon Pops", "Change Cash From Bloon Pops.csproj", "{155C0CD5-E2E9-43CB-8BF8-B21A15DC2141}"
EndProject
Global
	GlobalSection(SolutionConfigurationPlatforms) = preSolution
		Debug|Any CPU = Debug|Any CPU
		Release|Any CPU = Release|Any CPU
	EndGlobalSection
	GlobalSection(ProjectConfigurationPlatforms) = postSolution
		{155C0CD5-E2E9-43CB-8BF8-B21A15DC2141}.Debug|Any CPU.ActiveCfg = Debug|Any CPU
		{155C0CD5-E2E9-43CB-8BF8-B21A15DC2141}.Debug|Any CPU.Build.0 = Debug|Any CPU
		{155C0CD5-E2E9-43CB-8BF8-B21A15DC2141}.Release|Any CPU.ActiveCfg = Release|Any CPU
		{155C0CD5-E2E9-43CB-8BF8-B21A15DC2141}.Release|Any CPU.Build.0 = Release|Any CPU
	EndGlobalSection
	GlobalSection(SolutionProperties) = preSolution
		HideSolutionNode = FALSE
	EndGlobalSection
	GlobalSection(ExtensibilityGlobals) = postSolution
		SolutionGuid = {17CF6A02-09C4-4AA8-B086-4E36C7B71D20}
	EndGlobalSection
EndGlobal
