
Microsoft Visual Studio Solution File, Format Version 12.00
# Visual Studio Version 16
VisualStudioVersion = 16.0.30804.86
MinimumVisualStudioVersion = 10.0.40219.1
Project("{FAE04EC0-301F-11D3-BF4B-00C04F79EFBC}") = "Random Towers", "Random Towers.csproj", "{64CE6CAD-7480-438D-8258-3EF318EE16A9}"
EndProject
Global
	GlobalSection(SolutionConfigurationPlatforms) = preSolution
		Debug|Any CPU = Debug|Any CPU
		Release|Any CPU = Release|Any CPU
	EndGlobalSection
	GlobalSection(ProjectConfigurationPlatforms) = postSolution
		{64CE6CAD-7480-438D-8258-3EF318EE16A9}.Debug|Any CPU.ActiveCfg = Debug|Any CPU
		{64CE6CAD-7480-438D-8258-3EF318EE16A9}.Debug|Any CPU.Build.0 = Debug|Any CPU
		{64CE6CAD-7480-438D-8258-3EF318EE16A9}.Release|Any CPU.ActiveCfg = Release|Any CPU
		{64CE6CAD-7480-438D-8258-3EF318EE16A9}.Release|Any CPU.Build.0 = Release|Any CPU
	EndGlobalSection
	GlobalSection(SolutionProperties) = preSolution
		HideSolutionNode = FALSE
	EndGlobalSection
	GlobalSection(ExtensibilityGlobals) = postSolution
		SolutionGuid = {89BAEBE2-F9B6-44F4-B3C2-98D57EE531D6}
	EndGlobalSection
EndGlobal
