
Microsoft Visual Studio Solution File, Format Version 12.00
# Visual Studio Version 16
VisualStudioVersion = 16.0.30804.86
MinimumVisualStudioVersion = 10.0.40219.1
Project("{FAE04EC0-301F-11D3-BF4B-00C04F79EFBC}") = "Place Towers Anywhere", "Place Towers Anywhere.csproj", "{6348C027-8B45-47EB-96F5-56029FEA8BDF}"
EndProject
Global
	GlobalSection(SolutionConfigurationPlatforms) = preSolution
		Debug|Any CPU = Debug|Any CPU
		Release|Any CPU = Release|Any CPU
	EndGlobalSection
	GlobalSection(ProjectConfigurationPlatforms) = postSolution
		{6348C027-8B45-47EB-96F5-56029FEA8BDF}.Debug|Any CPU.ActiveCfg = Debug|Any CPU
		{6348C027-8B45-47EB-96F5-56029FEA8BDF}.Debug|Any CPU.Build.0 = Debug|Any CPU
		{6348C027-8B45-47EB-96F5-56029FEA8BDF}.Release|Any CPU.ActiveCfg = Release|Any CPU
		{6348C027-8B45-47EB-96F5-56029FEA8BDF}.Release|Any CPU.Build.0 = Release|Any CPU
	EndGlobalSection
	GlobalSection(SolutionProperties) = preSolution
		HideSolutionNode = FALSE
	EndGlobalSection
	GlobalSection(ExtensibilityGlobals) = postSolution
		SolutionGuid = {49838577-8217-4D2B-8DEC-F1CA21CD91D2}
	EndGlobalSection
EndGlobal
