
Microsoft Visual Studio Solution File, Format Version 12.00
# Visual Studio Version 16
VisualStudioVersion = 16.0.30804.86
MinimumVisualStudioVersion = 10.0.40219.1
Project("{FAE04EC0-301F-11D3-BF4B-00C04F79EFBC}") = "Infinite Hypersonic Range", "Infinite Hypersonic Range.csproj", "{9F99B4F7-9431-4EA1-9E4E-057EF06D9C24}"
EndProject
Global
	GlobalSection(SolutionConfigurationPlatforms) = preSolution
		Debug|Any CPU = Debug|Any CPU
		Release|Any CPU = Release|Any CPU
	EndGlobalSection
	GlobalSection(ProjectConfigurationPlatforms) = postSolution
		{9F99B4F7-9431-4EA1-9E4E-057EF06D9C24}.Debug|Any CPU.ActiveCfg = Debug|Any CPU
		{9F99B4F7-9431-4EA1-9E4E-057EF06D9C24}.Debug|Any CPU.Build.0 = Debug|Any CPU
		{9F99B4F7-9431-4EA1-9E4E-057EF06D9C24}.Release|Any CPU.ActiveCfg = Release|Any CPU
		{9F99B4F7-9431-4EA1-9E4E-057EF06D9C24}.Release|Any CPU.Build.0 = Release|Any CPU
	EndGlobalSection
	GlobalSection(SolutionProperties) = preSolution
		HideSolutionNode = FALSE
	EndGlobalSection
	GlobalSection(ExtensibilityGlobals) = postSolution
		SolutionGuid = {0A07DAB9-A2E9-4742-B381-E5C20195C7DD}
	EndGlobalSection
EndGlobal
