
Microsoft Visual Studio Solution File, Format Version 12.00
# Visual Studio Version 16
VisualStudioVersion = 16.0.30804.86
MinimumVisualStudioVersion = 10.0.40219.1
Project("{FAE04EC0-301F-11D3-BF4B-00C04F79EFBC}") = "One Tower To Rule Them All", "One Tower To Rule Them All.csproj", "{D74E9A65-A5F9-4A0A-9DB0-FAE869941529}"
EndProject
Global
	GlobalSection(SolutionConfigurationPlatforms) = preSolution
		Debug|Any CPU = Debug|Any CPU
		Release|Any CPU = Release|Any CPU
	EndGlobalSection
	GlobalSection(ProjectConfigurationPlatforms) = postSolution
		{D74E9A65-A5F9-4A0A-9DB0-FAE869941529}.Debug|Any CPU.ActiveCfg = Debug|Any CPU
		{D74E9A65-A5F9-4A0A-9DB0-FAE869941529}.Debug|Any CPU.Build.0 = Debug|Any CPU
		{D74E9A65-A5F9-4A0A-9DB0-FAE869941529}.Release|Any CPU.ActiveCfg = Release|Any CPU
		{D74E9A65-A5F9-4A0A-9DB0-FAE869941529}.Release|Any CPU.Build.0 = Release|Any CPU
	EndGlobalSection
	GlobalSection(SolutionProperties) = preSolution
		HideSolutionNode = FALSE
	EndGlobalSection
	GlobalSection(ExtensibilityGlobals) = postSolution
		SolutionGuid = {57F49FC3-B07D-4593-A738-85DB1796C18E}
	EndGlobalSection
EndGlobal
